{
  "version": 4,
  "terraform_version": "1.9.8",
  "serial": 8,
  "lineage": "7c95264f-4db9-cda8-181e-388b65720f39",
  "outputs": {},
  "resources": [
    {
      "mode": "data",
      "type": "spotify_search_track",
      "name": "eminem",
      "provider": "provider[\"registry.terraform.io/conradludgate/spotify\"]",
      "instances": [
        {
          "schema_version": 0,
          "attributes": {
            "album": null,
            "artist": "Eminem",
            "explicit": true,
            "id": "1732033282",
            "limit": 10,
            "name": null,
            "tracks": [
              {
                "album": "1kTlYbs28MXw7hwO0NLYif",
                "artists": [
                  "7dGJo4pcD2V6oG8kP0tJRR"
                ],
                "id": "561jH07mF1jHuk7KlaeF0s",
                "name": "Mockingbird"
              },
              {
                "album": "2cWBwpqMsDJC1ZUwz813lo",
                "artists": [
                  "7dGJo4pcD2V6oG8kP0tJRR"
                ],
                "id": "7lQ8MOhq6IN2w8EYcFNSUk",
                "name": "Without Me"
              },
              {
                "album": "6t7956yu5zYf5A829XRiHC",
                "artists": [
                  "7dGJo4pcD2V6oG8kP0tJRR"
                ],
                "id": "3yfqSUWxFvZELEM4PmlwIR",
                "name": "The Real Slim Shady"
              },
              {
                "album": "2cWBwpqMsDJC1ZUwz813lo",
                "artists": [
                  "7dGJo4pcD2V6oG8kP0tJRR",
                  "5jNmxPYz8QE5rYp4GDil8t"
                ],
                "id": "4woTEX1wYOTGDqNXuavlRC",
                "name": "Superman"
              },
              {
                "album": "2cWBwpqMsDJC1ZUwz813lo",
                "artists": [
                  "7dGJo4pcD2V6oG8kP0tJRR",
                  "1Oa0bMld0A3u5OTYfMzp5h"
                ],
                "id": "4xkOaSrkexMciUUogZKVTS",
                "name": "Till I Collapse"
              },
              {
                "album": "6t7956yu5zYf5A829XRiHC",
                "artists": [
                  "7dGJo4pcD2V6oG8kP0tJRR",
                  "2mpeljBig2IXLXRAFO9AAs"
                ],
                "id": "3UmaczJpikHgJFyBTAJVoz",
                "name": "Stan"
              },
              {
                "album": "4otkd9As6YaxxEkIjXPiZ6",
                "artists": [
                  "7dGJo4pcD2V6oG8kP0tJRR",
                  "4MCBfE4596Uoi2O4DtmEMz"
                ],
                "id": "7FIWs0pqAYbP91WWM0vlTQ",
                "name": "Godzilla (feat. Juice WRLD)"
              },
              {
                "album": "47BiFcV59TQi2s9SkBo2pb",
                "artists": [
                  "7dGJo4pcD2V6oG8kP0tJRR",
                  "5pKCCKE2ajJHZ9KAiaK11H"
                ],
                "id": "15JINEqzVMv3SvJTAXAKED",
                "name": "Love The Way You Lie"
              },
              {
                "album": "6kzoWb4UzvKYgbDfAwgaFq",
                "artists": [
                  "0z4gvV4rjIZ9wHck67ucSV",
                  "7dGJo4pcD2V6oG8kP0tJRR"
                ],
                "id": "2kQuhkFX7uSVepCD3h29g5",
                "name": "Smack That"
              },
              {
                "album": "1rfORa9iYmocEsnnZGMVC4",
                "artists": [
                  "7dGJo4pcD2V6oG8kP0tJRR"
                ],
                "id": "1v7L65Lzy0j0vdpRjJewt1",
                "name": "Lose Yourself"
              }
            ],
            "year": null
          },
          "sensitive_attributes": []
        }
      ]
    },
    {
      "mode": "data",
      "type": "spotify_search_track",
      "name": "imaginedragons",
      "provider": "provider[\"registry.terraform.io/conradludgate/spotify\"]",
      "instances": [
        {
          "schema_version": 0,
          "attributes": {
            "album": null,
            "artist": "Imagine Dragons",
            "explicit": true,
            "id": "1732033281",
            "limit": 10,
            "name": null,
            "tracks": [
              {
                "album": "6nxDQi0FeEwccEPJeNySoS",
                "artists": [
                  "53XhwfbYqKCa1cC15pYq2q"
                ],
                "id": "5qaEfEh1AtSdrdrByCP7qR",
                "name": "Demons"
              },
              {
                "album": "1Q9SnHWPNEjVM0LrBFvJ1q",
                "artists": [
                  "53XhwfbYqKCa1cC15pYq2q"
                ],
                "id": "0HqZX76SFLDz2aW8aiqi7G",
                "name": "Bones"
              },
              {
                "album": "3JfSxDfmwS5OeHPwLSkrfr",
                "artists": [
                  "53XhwfbYqKCa1cC15pYq2q"
                ],
                "id": "2RSHsoi04658QL5xgQVov3",
                "name": "Bad Liar"
              },
              {
                "album": "33pt9HBdGlAbRGBHQgsZsU",
                "artists": [
                  "53XhwfbYqKCa1cC15pYq2q"
                ],
                "id": "6Qn5zhYkTa37e91HC1D7lb",
                "name": "Whatever It Takes"
              },
              {
                "album": "1bTgKomQYSkKYPD9UI9W4b",
                "artists": [
                  "53XhwfbYqKCa1cC15pYq2q",
                  "6U3ybJ9UHNKEdsH7ktGBZ7",
                  "57nPqD7z62gDdq37US9XJR",
                  "47mIJdHORyRerp4os813jD"
                ],
                "id": "1r9xUipOqoNwggBpENDsvJ",
                "name": "Enemy (with JID) - from the series Arcane League of Legends"
              },
              {
                "album": "33pt9HBdGlAbRGBHQgsZsU",
                "artists": [
                  "53XhwfbYqKCa1cC15pYq2q"
                ],
                "id": "0pqnGHJpmpxLKifKRmU6WP",
                "name": "Believer"
              },
              {
                "album": "33pt9HBdGlAbRGBHQgsZsU",
                "artists": [
                  "53XhwfbYqKCa1cC15pYq2q"
                ],
                "id": "1zB4vmk8tFRmM9UULNzbLB",
                "name": "Thunder"
              },
              {
                "album": "6nxDQi0FeEwccEPJeNySoS",
                "artists": [
                  "53XhwfbYqKCa1cC15pYq2q"
                ],
                "id": "62yJjFtgkhUrXktIoSjgP2",
                "name": "Radioactive"
              },
              {
                "album": "6yiXkzHvC0OTmhfDQOEWtS",
                "artists": [
                  "53XhwfbYqKCa1cC15pYq2q"
                ],
                "id": "54ipXppHLA8U4yqpOFTUhr",
                "name": "Bones"
              },
              {
                "album": "6yiXkzHvC0OTmhfDQOEWtS",
                "artists": [
                  "53XhwfbYqKCa1cC15pYq2q",
                  "6U3ybJ9UHNKEdsH7ktGBZ7",
                  "57nPqD7z62gDdq37US9XJR",
                  "47mIJdHORyRerp4os813jD"
                ],
                "id": "3CIyK1V4JEJkg02E4EJnDl",
                "name": "Enemy (with JID) - from the series Arcane League of Legends"
              }
            ],
            "year": null
          },
          "sensitive_attributes": []
        }
      ]
    },
    {
      "mode": "data",
      "type": "spotify_search_track",
      "name": "zayn",
      "provider": "provider[\"registry.terraform.io/conradludgate/spotify\"]",
      "instances": [
        {
          "schema_version": 0,
          "attributes": {
            "album": null,
            "artist": "ZAYN",
            "explicit": true,
            "id": "1732033281",
            "limit": 10,
            "name": null,
            "tracks": [
              {
                "album": "64TpPq3QgOQUaX3GSNMEYt",
                "artists": [
                  "2cjQTf2J5yCaNY8qHpW855",
                  "5ZsFI1h6hIdQRw2ti0hz81"
                ],
                "id": "7K6RLbkpqZI4OaoSnLcBiU",
                "name": "Tu hai kahan (feat. ZAYN)"
              },
              {
                "album": "1DF9B2hfwX4EdgEFwGcRwh",
                "artists": [
                  "5ZsFI1h6hIdQRw2ti0hz81",
                  "5WUlDfRSoLAfcVSX1WnrxN"
                ],
                "id": "3e7sxremeOE3wTySiOhGiP",
                "name": "Dusk Till Dawn (feat. Sia) - Radio Edit"
              },
              {
                "album": "5l5gR4rh26QI3fijGFTDrp",
                "artists": [
                  "5ZsFI1h6hIdQRw2ti0hz81",
                  "5WUlDfRSoLAfcVSX1WnrxN"
                ],
                "id": "1j4kHkkpqZRBwE0A4CN4Yv",
                "name": "Dusk Till Dawn (feat. Sia) - Radio Edit"
              },
              {
                "album": "1DF9B2hfwX4EdgEFwGcRwh",
                "artists": [
                  "5ZsFI1h6hIdQRw2ti0hz81"
                ],
                "id": "2cEmWBBlCfR9wWrY9JmTyt",
                "name": "Let Me"
              },
              {
                "album": "5amj9zNeZ3B2EdpBgXrOZ0",
                "artists": [
                  "5ZsFI1h6hIdQRw2ti0hz81"
                ],
                "id": "0PDUDa38GO8lMxLCRc4lL1",
                "name": "PILLOWTALK"
              },
              {
                "album": "1DF9B2hfwX4EdgEFwGcRwh",
                "artists": [
                  "5ZsFI1h6hIdQRw2ti0hz81"
                ],
                "id": "4By48hpAtUx7F7F1yxvwvm",
                "name": "Entertainer"
              },
              {
                "album": "5VML6S956h4YfoYPooqLEi",
                "artists": [
                  "5ZsFI1h6hIdQRw2ti0hz81",
                  "06HL4z0CvFAxyc27GXpf02"
                ],
                "id": "2y5aJvzXhHPA94U5GFAcXe",
                "name": "I Don’t Wanna Live Forever (Fifty Shades Darker)"
              },
              {
                "album": "1MPAXuTVL2Ej5x0JHiSPq8",
                "artists": [
                  "5ZsFI1h6hIdQRw2ti0hz81",
                  "06HL4z0CvFAxyc27GXpf02"
                ],
                "id": "55n9yjI6qqXh5F2mYvUc2y",
                "name": "I Don’t Wanna Live Forever (Fifty Shades Darker)"
              },
              {
                "album": "5QqqBZmdQmY1MvlnpBkagB",
                "artists": [
                  "3KwmxIhSe9UTSEF37kwngR",
                  "5ZsFI1h6hIdQRw2ti0hz81"
                ],
                "id": "1iQDltZqI7BXnHrFy4Qo1k",
                "name": "Trampoline (with ZAYN)"
              },
              {
                "album": "5wg6T8bCVnRk3ToKy0yXG5",
                "artists": [
                  "3KwmxIhSe9UTSEF37kwngR",
                  "5ZsFI1h6hIdQRw2ti0hz81"
                ],
                "id": "2ez6qvOTHKeI3ss80NGqnI",
                "name": "Trampoline (with ZAYN)"
              }
            ],
            "year": null
          },
          "sensitive_attributes": []
        }
      ]
    },
    {
      "mode": "managed",
      "type": "spotify_playlist",
      "name": "Favourite",
      "provider": "provider[\"registry.terraform.io/conradludgate/spotify\"]",
      "instances": [
        {
          "schema_version": 0,
          "attributes": {
            "description": "",
            "id": "252MVMyaf1YSkPJnsfoMel",
            "name": "Favourite",
            "public": true,
            "snapshot_id": "AAAAA3i+oiyYINvDItCT8j0W+A84mJPj",
            "tracks": [
              "561jH07mF1jHuk7KlaeF0s",
              "7lQ8MOhq6IN2w8EYcFNSUk",
              "3yfqSUWxFvZELEM4PmlwIR",
              "4woTEX1wYOTGDqNXuavlRC"
            ]
          },
          "sensitive_attributes": [],
          "private": "bnVsbA==",
          "dependencies": [
            "data.spotify_search_track.eminem"
          ]
        }
      ]
    },
    {
      "mode": "managed",
      "type": "spotify_playlist",
      "name": "IMD",
      "provider": "provider[\"registry.terraform.io/conradludgate/spotify\"]",
      "instances": [
        {
          "schema_version": 0,
          "attributes": {
            "description": null,
            "id": "7nNDmddGuAYCaxKLKUXDzv",
            "name": "IMD",
            "public": true,
            "snapshot_id": "AAAAAqy3hqQksYC2qKJNCKpZ9aW51RN8",
            "tracks": [
              "5qaEfEh1AtSdrdrByCP7qR",
              "0HqZX76SFLDz2aW8aiqi7G",
              "2RSHsoi04658QL5xgQVov3",
              "6Qn5zhYkTa37e91HC1D7lb"
            ]
          },
          "sensitive_attributes": [],
          "private": "bnVsbA==",
          "dependencies": [
            "data.spotify_search_track.imaginedragons"
          ]
        }
      ]
    },
    {
      "mode": "managed",
      "type": "spotify_playlist",
      "name": "OMI",
      "provider": "provider[\"registry.terraform.io/conradludgate/spotify\"]",
      "instances": [
        {
          "schema_version": 0,
          "attributes": {
            "description": "",
            "id": "4adwOJlVrm0zfeoaRHUx1w",
            "name": "OMI",
            "public": true,
            "snapshot_id": "AAAAAkjWWhWR0Rt4AH0pQntMvhfwzFvj",
            "tracks": [
              "7K6RLbkpqZI4OaoSnLcBiU",
              "3e7sxremeOE3wTySiOhGiP",
              "1j4kHkkpqZRBwE0A4CN4Yv",
              "2cEmWBBlCfR9wWrY9JmTyt"
            ]
          },
          "sensitive_attributes": [],
          "private": "bnVsbA==",
          "dependencies": [
            "data.spotify_search_track.zayn"
          ]
        }
      ]
    },
    {
      "mode": "managed",
      "type": "spotify_playlist",
      "name": "Omkars-Playlist",
      "provider": "provider[\"registry.terraform.io/conradludgate/spotify\"]",
      "instances": [
        {
          "schema_version": 0,
          "attributes": {
            "description": "",
            "id": "71HeVcbSNYzbe9SeoYkcWo",
            "name": "Omkars-Playlist",
            "public": true,
            "snapshot_id": "AAAAAqulKDpJ2Z6H08mliqV3Ut/tD9cy",
            "tracks": [
              "0IGXY47K2ha3AHfX57wY1O"
            ]
          },
          "sensitive_attributes": [],
          "private": "bnVsbA=="
        }
      ]
    }
  ],
  "check_results": null
}
